# This file is automatically @generated by Poetry 1.5.1 and should not be changed by hand.

[[package]]
name = "atomicwrites"
version = "1.4.1"
description = "Atomic file writes."
optional = false
python-versions = ">=2.7, !=3.0.*, !=3.1.*, !=3.2.*, !=3.3.*"
files = [
    {file = "atomicwrites-1.4.1.tar.gz", hash = "sha256:81b2c9071a49367a7f770170e5eec8cb66567cfbbc8c73d20ce5ca4a8d71cf11"},
]

[[package]]
name = "attrs"
version = "22.1.0"
description = "Classes Without Boilerplate"
optional = false
python-versions = ">=3.5"
files = [
    {file = "attrs-22.1.0-py2.py3-none-any.whl", hash = "sha256:86efa402f67bf2df34f51a335487cf46b1ec130d02b8d39fd248abfd30da551c"},
    {file = "attrs-22.1.0.tar.gz", hash = "sha256:29adc2665447e5191d0e7c568fde78b21f9672d344281d0c6e1ab085429b22b6"},
]

[package.extras]
dev = ["cloudpickle", "coverage[toml] (>=5.0.2)", "furo", "hypothesis", "mypy (>=0.900,!=0.940)", "pre-commit", "pympler", "pytest (>=4.3.0)", "pytest-mypy-plugins", "sphinx", "sphinx-notfound-page", "zope.interface"]
docs = ["furo", "sphinx", "sphinx-notfound-page", "zope.interface"]
tests = ["cloudpickle", "coverage[toml] (>=5.0.2)", "hypothesis", "mypy (>=0.900,!=0.940)", "pympler", "pytest (>=4.3.0)", "pytest-mypy-plugins", "zope.interface"]
tests-no-zope = ["cloudpickle", "coverage[toml] (>=5.0.2)", "hypothesis", "mypy (>=0.900,!=0.940)", "pympler", "pytest (>=4.3.0)", "pytest-mypy-plugins"]

[[package]]
name = "cfgv"
version = "3.3.1"
description = "Validate configuration and produce human readable error messages."
optional = false
python-versions = ">=3.6.1"
files = [
    {file = "cfgv-3.3.1-py2.py3-none-any.whl", hash = "sha256:c6a0883f3917a037485059700b9e75da2464e6c27051014ad85ba6aaa5884426"},
    {file = "cfgv-3.3.1.tar.gz", hash = "sha256:f5a830efb9ce7a445376bb66ec94c638a9787422f96264c98edc6bdeed8ab736"},
]

[[package]]
name = "colorama"
version = "0.4.5"
description = "Cross-platform colored terminal text."
optional = false
python-versions = ">=2.7, !=3.0.*, !=3.1.*, !=3.2.*, !=3.3.*, !=3.4.*"
files = [
    {file = "colorama-0.4.5-py2.py3-none-any.whl", hash = "sha256:854bf444933e37f5824ae7bfc1e98d5bce2ebe4160d46b5edf346a89358e99da"},
    {file = "colorama-0.4.5.tar.gz", hash = "sha256:e6c6b4334fc50988a639d9b98aa429a0b57da6e17b9a44f0451f930b6967b7a4"},
]

[[package]]
name = "coverage"
version = "6.4.4"
description = "Code coverage measurement for Python"
optional = false
python-versions = ">=3.7"
files = [
    {file = "coverage-6.4.4-cp310-cp310-macosx_10_9_x86_64.whl", hash = "sha256:e7b4da9bafad21ea45a714d3ea6f3e1679099e420c8741c74905b92ee9bfa7cc"},
    {file = "coverage-6.4.4-cp310-cp310-macosx_11_0_arm64.whl", hash = "sha256:fde17bc42e0716c94bf19d92e4c9f5a00c5feb401f5bc01101fdf2a8b7cacf60"},
    {file = "coverage-6.4.4-cp310-cp310-manylinux_2_17_aarch64.manylinux2014_aarch64.whl", hash = "sha256:cdbb0d89923c80dbd435b9cf8bba0ff55585a3cdb28cbec65f376c041472c60d"},
    {file = "coverage-6.4.4-cp310-cp310-manylinux_2_5_i686.manylinux1_i686.manylinux_2_17_i686.manylinux2014_i686.whl", hash = "sha256:67f9346aeebea54e845d29b487eb38ec95f2ecf3558a3cffb26ee3f0dcc3e760"},
    {file = "coverage-6.4.4-cp310-cp310-manylinux_2_5_x86_64.manylinux1_x86_64.manylinux_2_17_x86_64.manylinux2014_x86_64.whl", hash = "sha256:42c499c14efd858b98c4e03595bf914089b98400d30789511577aa44607a1b74"},
    {file = "coverage-6.4.4-cp310-cp310-musllinux_1_1_aarch64.whl", hash = "sha256:c35cca192ba700979d20ac43024a82b9b32a60da2f983bec6c0f5b84aead635c"},
    {file = "coverage-6.4.4-cp310-cp310-musllinux_1_1_i686.whl", hash = "sha256:9cc4f107009bca5a81caef2fca843dbec4215c05e917a59dec0c8db5cff1d2aa"},
    {file = "coverage-6.4.4-cp310-cp310-musllinux_1_1_x86_64.whl", hash = "sha256:5f444627b3664b80d078c05fe6a850dd711beeb90d26731f11d492dcbadb6973"},
    {file = "coverage-6.4.4-cp310-cp310-win32.whl", hash = "sha256:66e6df3ac4659a435677d8cd40e8eb1ac7219345d27c41145991ee9bf4b806a0"},
    {file = "coverage-6.4.4-cp310-cp310-win_amd64.whl", hash = "sha256:35ef1f8d8a7a275aa7410d2f2c60fa6443f4a64fae9be671ec0696a68525b875"},
    {file = "coverage-6.4.4-cp311-cp311-macosx_10_9_x86_64.whl", hash = "sha256:c1328d0c2f194ffda30a45f11058c02410e679456276bfa0bbe0b0ee87225fac"},
    {file = "coverage-6.4.4-cp311-cp311-manylinux_2_17_aarch64.manylinux2014_aarch64.whl", hash = "sha256:61b993f3998ee384935ee423c3d40894e93277f12482f6e777642a0141f55782"},
    {file = "coverage-6.4.4-cp311-cp311-manylinux_2_5_i686.manylinux1_i686.manylinux_2_17_i686.manylinux2014_i686.whl", hash = "sha256:d5dd4b8e9cd0deb60e6fcc7b0647cbc1da6c33b9e786f9c79721fd303994832f"},
    {file = "coverage-6.4.4-cp311-cp311-manylinux_2_5_x86_64.manylinux1_x86_64.manylinux_2_17_x86_64.manylinux2014_x86_64.whl", hash = "sha256:7026f5afe0d1a933685d8f2169d7c2d2e624f6255fb584ca99ccca8c0e966fd7"},
    {file = "coverage-6.4.4-cp311-cp311-musllinux_1_1_aarch64.whl", hash = "sha256:9c7b9b498eb0c0d48b4c2abc0e10c2d78912203f972e0e63e3c9dc21f15abdaa"},
    {file = "coverage-6.4.4-cp311-cp311-musllinux_1_1_i686.whl", hash = "sha256:ee2b2fb6eb4ace35805f434e0f6409444e1466a47f620d1d5763a22600f0f892"},
    {file = "coverage-6.4.4-cp311-cp311-musllinux_1_1_x86_64.whl", hash = "sha256:ab066f5ab67059d1f1000b5e1aa8bbd75b6ed1fc0014559aea41a9eb66fc2ce0"},
    {file = "coverage-6.4.4-cp311-cp311-win32.whl", hash = "sha256:9d6e1f3185cbfd3d91ac77ea065d85d5215d3dfa45b191d14ddfcd952fa53796"},
    {file = "coverage-6.4.4-cp311-cp311-win_amd64.whl", hash = "sha256:e3d3c4cc38b2882f9a15bafd30aec079582b819bec1b8afdbde8f7797008108a"},
    {file = "coverage-6.4.4-cp37-cp37m-macosx_10_9_x86_64.whl", hash = "sha256:a095aa0a996ea08b10580908e88fbaf81ecf798e923bbe64fb98d1807db3d68a"},
    {file = "coverage-6.4.4-cp37-cp37m-manylinux_2_17_aarch64.manylinux2014_aarch64.whl", hash = "sha256:ef6f44409ab02e202b31a05dd6666797f9de2aa2b4b3534e9d450e42dea5e817"},
    {file = "coverage-6.4.4-cp37-cp37m-manylinux_2_5_i686.manylinux1_i686.manylinux_2_17_i686.manylinux2014_i686.whl", hash = "sha256:4b7101938584d67e6f45f0015b60e24a95bf8dea19836b1709a80342e01b472f"},
    {file = "coverage-6.4.4-cp37-cp37m-manylinux_2_5_x86_64.manylinux1_x86_64.manylinux_2_17_x86_64.manylinux2014_x86_64.whl", hash = "sha256:14a32ec68d721c3d714d9b105c7acf8e0f8a4f4734c811eda75ff3718570b5e3"},
    {file = "coverage-6.4.4-cp37-cp37m-musllinux_1_1_aarch64.whl", hash = "sha256:6a864733b22d3081749450466ac80698fe39c91cb6849b2ef8752fd7482011f3"},
    {file = "coverage-6.4.4-cp37-cp37m-musllinux_1_1_i686.whl", hash = "sha256:08002f9251f51afdcc5e3adf5d5d66bb490ae893d9e21359b085f0e03390a820"},
    {file = "coverage-6.4.4-cp37-cp37m-musllinux_1_1_x86_64.whl", hash = "sha256:a3b2752de32c455f2521a51bd3ffb53c5b3ae92736afde67ce83477f5c1dd928"},
    {file = "coverage-6.4.4-cp37-cp37m-win32.whl", hash = "sha256:f855b39e4f75abd0dfbcf74a82e84ae3fc260d523fcb3532786bcbbcb158322c"},
    {file = "coverage-6.4.4-cp37-cp37m-win_amd64.whl", hash = "sha256:ee6ae6bbcac0786807295e9687169fba80cb0617852b2fa118a99667e8e6815d"},
    {file = "coverage-6.4.4-cp38-cp38-macosx_10_9_x86_64.whl", hash = "sha256:564cd0f5b5470094df06fab676c6d77547abfdcb09b6c29c8a97c41ad03b103c"},
    {file = "coverage-6.4.4-cp38-cp38-macosx_11_0_arm64.whl", hash = "sha256:cbbb0e4cd8ddcd5ef47641cfac97d8473ab6b132dd9a46bacb18872828031685"},
    {file = "coverage-6.4.4-cp38-cp38-manylinux_2_17_aarch64.manylinux2014_aarch64.whl", hash = "sha256:6113e4df2fa73b80f77663445be6d567913fb3b82a86ceb64e44ae0e4b695de1"},
    {file = "coverage-6.4.4-cp38-cp38-manylinux_2_5_i686.manylinux1_i686.manylinux_2_17_i686.manylinux2014_i686.whl", hash = "sha256:8d032bfc562a52318ae05047a6eb801ff31ccee172dc0d2504614e911d8fa83e"},
    {file = "coverage-6.4.4-cp38-cp38-manylinux_2_5_x86_64.manylinux1_x86_64.manylinux_2_17_x86_64.manylinux2014_x86_64.whl", hash = "sha256:e431e305a1f3126477abe9a184624a85308da8edf8486a863601d58419d26ffa"},
    {file = "coverage-6.4.4-cp38-cp38-musllinux_1_1_aarch64.whl", hash = "sha256:cf2afe83a53f77aec067033199797832617890e15bed42f4a1a93ea24794ae3e"},
    {file = "coverage-6.4.4-cp38-cp38-musllinux_1_1_i686.whl", hash = "sha256:783bc7c4ee524039ca13b6d9b4186a67f8e63d91342c713e88c1865a38d0892a"},
    {file = "coverage-6.4.4-cp38-cp38-musllinux_1_1_x86_64.whl", hash = "sha256:ff934ced84054b9018665ca3967fc48e1ac99e811f6cc99ea65978e1d384454b"},
    {file = "coverage-6.4.4-cp38-cp38-win32.whl", hash = "sha256:e1fabd473566fce2cf18ea41171d92814e4ef1495e04471786cbc943b89a3781"},
    {file = "coverage-6.4.4-cp38-cp38-win_amd64.whl", hash = "sha256:4179502f210ebed3ccfe2f78bf8e2d59e50b297b598b100d6c6e3341053066a2"},
    {file = "coverage-6.4.4-cp39-cp39-macosx_10_9_x86_64.whl", hash = "sha256:98c0b9e9b572893cdb0a00e66cf961a238f8d870d4e1dc8e679eb8bdc2eb1b86"},
    {file = "coverage-6.4.4-cp39-cp39-macosx_11_0_arm64.whl", hash = "sha256:fc600f6ec19b273da1d85817eda339fb46ce9eef3e89f220055d8696e0a06908"},
    {file = "coverage-6.4.4-cp39-cp39-manylinux_2_17_aarch64.manylinux2014_aarch64.whl", hash = "sha256:7a98d6bf6d4ca5c07a600c7b4e0c5350cd483c85c736c522b786be90ea5bac4f"},
    {file = "coverage-6.4.4-cp39-cp39-manylinux_2_5_i686.manylinux1_i686.manylinux_2_17_i686.manylinux2014_i686.whl", hash = "sha256:01778769097dbd705a24e221f42be885c544bb91251747a8a3efdec6eb4788f2"},
    {file = "coverage-6.4.4-cp39-cp39-manylinux_2_5_x86_64.manylinux1_x86_64.manylinux_2_17_x86_64.manylinux2014_x86_64.whl", hash = "sha256:dfa0b97eb904255e2ab24166071b27408f1f69c8fbda58e9c0972804851e0558"},
    {file = "coverage-6.4.4-cp39-cp39-musllinux_1_1_aarch64.whl", hash = "sha256:fcbe3d9a53e013f8ab88734d7e517eb2cd06b7e689bedf22c0eb68db5e4a0a19"},
    {file = "coverage-6.4.4-cp39-cp39-musllinux_1_1_i686.whl", hash = "sha256:15e38d853ee224e92ccc9a851457fb1e1f12d7a5df5ae44544ce7863691c7a0d"},
    {file = "coverage-6.4.4-cp39-cp39-musllinux_1_1_x86_64.whl", hash = "sha256:6913dddee2deff8ab2512639c5168c3e80b3ebb0f818fed22048ee46f735351a"},
    {file = "coverage-6.4.4-cp39-cp39-win32.whl", hash = "sha256:354df19fefd03b9a13132fa6643527ef7905712109d9c1c1903f2133d3a4e145"},
    {file = "coverage-6.4.4-cp39-cp39-win_amd64.whl", hash = "sha256:1238b08f3576201ebf41f7c20bf59baa0d05da941b123c6656e42cdb668e9827"},
    {file = "coverage-6.4.4-pp36.pp37.pp38-none-any.whl", hash = "sha256:f67cf9f406cf0d2f08a3515ce2db5b82625a7257f88aad87904674def6ddaec1"},
    {file = "coverage-6.4.4.tar.gz", hash = "sha256:e16c45b726acb780e1e6f88b286d3c10b3914ab03438f32117c4aa52d7f30d58"},
]

[package.dependencies]
tomli = {version = "*", optional = true, markers = "python_full_version <= \"3.11.0a6\" and extra == \"toml\""}

[package.extras]
toml = ["tomli"]

[[package]]
name = "crashtest"
version = "0.4.0"
description = "Manage Python errors with ease"
optional = false
python-versions = ">=3.7,<4.0"
files = [
    {file = "crashtest-0.4.0-py3-none-any.whl", hash = "sha256:476839dfa58bb238aa7db8752db7029bfc8bdc87b571d3a15727da8af61b7487"},
    {file = "crashtest-0.4.0.tar.gz", hash = "sha256:d629b00f1d4e79c316909f4eb763bbcb29b510d65fbde1365a1ceb93ab7fa4c8"},
]

[[package]]
name = "distlib"
version = "0.3.5"
description = "Distribution utilities"
optional = false
python-versions = "*"
files = [
    {file = "distlib-0.3.5-py2.py3-none-any.whl", hash = "sha256:b710088c59f06338ca514800ad795a132da19fda270e3ce4affc74abf955a26c"},
    {file = "distlib-0.3.5.tar.gz", hash = "sha256:a7f75737c70be3b25e2bee06288cec4e4c221de18455b2dd037fe2a795cab2fe"},
]

[[package]]
name = "filelock"
version = "3.8.0"
description = "A platform independent file lock."
optional = false
python-versions = ">=3.7"
files = [
    {file = "filelock-3.8.0-py3-none-any.whl", hash = "sha256:617eb4e5eedc82fc5f47b6d61e4d11cb837c56cb4544e39081099fa17ad109d4"},
    {file = "filelock-3.8.0.tar.gz", hash = "sha256:55447caa666f2198c5b6b13a26d2084d26fa5b115c00d065664b2124680c4edc"},
]

[package.extras]
docs = ["furo (>=2022.6.21)", "sphinx (>=5.1.1)", "sphinx-autodoc-typehints (>=1.19.1)"]
testing = ["covdefaults (>=2.2)", "coverage (>=6.4.2)", "pytest (>=7.1.2)", "pytest-cov (>=3)", "pytest-timeout (>=2.1)"]

[[package]]
name = "identify"
version = "2.5.3"
description = "File identification library for Python"
optional = false
python-versions = ">=3.7"
files = [
    {file = "identify-2.5.3-py2.py3-none-any.whl", hash = "sha256:25851c8c1370effb22aaa3c987b30449e9ff0cece408f810ae6ce408fdd20893"},
    {file = "identify-2.5.3.tar.gz", hash = "sha256:887e7b91a1be152b0d46bbf072130235a8117392b9f1828446079a816a05ef44"},
]

[package.extras]
license = ["ukkonen"]

[[package]]
name = "importlib-metadata"
version = "4.12.0"
description = "Read metadata from Python packages"
optional = false
python-versions = ">=3.7"
files = [
    {file = "importlib_metadata-4.12.0-py3-none-any.whl", hash = "sha256:7401a975809ea1fdc658c3aa4f78cc2195a0e019c5cbc4c06122884e9ae80c23"},
    {file = "importlib_metadata-4.12.0.tar.gz", hash = "sha256:637245b8bab2b6502fcbc752cc4b7a6f6243bb02b31c5c26156ad103d3d45670"},
]

[package.dependencies]
typing-extensions = {version = ">=3.6.4", markers = "python_version < \"3.8\""}
zipp = ">=0.5"

[package.extras]
docs = ["jaraco.packaging (>=9)", "rst.linker (>=1.9)", "sphinx"]
perf = ["ipython"]
testing = ["flufl.flake8", "importlib-resources (>=1.3)", "packaging", "pyfakefs", "pytest (>=6)", "pytest-black (>=0.3.7)", "pytest-checkdocs (>=2.4)", "pytest-cov", "pytest-enabler (>=1.3)", "pytest-flake8", "pytest-mypy (>=0.9.1)", "pytest-perf (>=0.9.2)"]

[[package]]
name = "iniconfig"
version = "1.1.1"
description = "iniconfig: brain-dead simple config-ini parsing"
optional = false
python-versions = "*"
files = [
    {file = "iniconfig-1.1.1-py2.py3-none-any.whl", hash = "sha256:011e24c64b7f47f6ebd835bb12a743f2fbe9a26d4cecaa7f53bc4f35ee9da8b3"},
    {file = "iniconfig-1.1.1.tar.gz", hash = "sha256:bc3af051d7d14b2ee5ef9969666def0cd1a000e121eaea580d4a313df4b37f32"},
]

[[package]]
name = "nodeenv"
version = "1.7.0"
description = "Node.js virtual environment builder"
optional = false
python-versions = ">=2.7,!=3.0.*,!=3.1.*,!=3.2.*,!=3.3.*,!=3.4.*,!=3.5.*,!=3.6.*"
files = [
    {file = "nodeenv-1.7.0-py2.py3-none-any.whl", hash = "sha256:27083a7b96a25f2f5e1d8cb4b6317ee8aeda3bdd121394e5ac54e498028a042e"},
    {file = "nodeenv-1.7.0.tar.gz", hash = "sha256:e0e7f7dfb85fc5394c6fe1e8fa98131a2473e04311a45afb6508f7cf1836fa2b"},
]

[package.dependencies]
setuptools = "*"

[[package]]
name = "packaging"
version = "21.3"
description = "Core utilities for Python packages"
optional = false
python-versions = ">=3.6"
files = [
    {file = "packaging-21.3-py3-none-any.whl", hash = "sha256:ef103e05f519cdc783ae24ea4e2e0f508a9c99b2d4969652eed6a2e1ea5bd522"},
    {file = "packaging-21.3.tar.gz", hash = "sha256:dd47c42927d89ab911e606518907cc2d3a1f38bbd026385970643f9c5b8ecfeb"},
]

[package.dependencies]
pyparsing = ">=2.0.2,<3.0.5 || >3.0.5"

[[package]]
name = "platformdirs"
version = "2.5.2"
description = "A small Python module for determining appropriate platform-specific dirs, e.g. a \"user data dir\"."
optional = false
python-versions = ">=3.7"
files = [
    {file = "platformdirs-2.5.2-py3-none-any.whl", hash = "sha256:027d8e83a2d7de06bbac4e5ef7e023c02b863d7ea5d079477e722bb41ab25788"},
    {file = "platformdirs-2.5.2.tar.gz", hash = "sha256:58c8abb07dcb441e6ee4b11d8df0ac856038f944ab98b7be6b27b2a3c7feef19"},
]

[package.extras]
docs = ["furo (>=2021.7.5b38)", "proselint (>=0.10.2)", "sphinx (>=4)", "sphinx-autodoc-typehints (>=1.12)"]
test = ["appdirs (==1.4.4)", "pytest (>=6)", "pytest-cov (>=2.7)", "pytest-mock (>=3.6)"]

[[package]]
name = "pluggy"
version = "1.0.0"
description = "plugin and hook calling mechanisms for python"
optional = false
python-versions = ">=3.6"
files = [
    {file = "pluggy-1.0.0-py2.py3-none-any.whl", hash = "sha256:74134bbf457f031a36d68416e1509f34bd5ccc019f0bcc952c7b909d06b37bd3"},
    {file = "pluggy-1.0.0.tar.gz", hash = "sha256:4224373bacce55f955a878bf9cfa763c1e360858e330072059e10bad68531159"},
]

[package.dependencies]
importlib-metadata = {version = ">=0.12", markers = "python_version < \"3.8\""}

[package.extras]
dev = ["pre-commit", "tox"]
testing = ["pytest", "pytest-benchmark"]

[[package]]
name = "pre-commit"
version = "2.20.0"
description = "A framework for managing and maintaining multi-language pre-commit hooks."
optional = false
python-versions = ">=3.7"
files = [
    {file = "pre_commit-2.20.0-py2.py3-none-any.whl", hash = "sha256:51a5ba7c480ae8072ecdb6933df22d2f812dc897d5fe848778116129a681aac7"},
    {file = "pre_commit-2.20.0.tar.gz", hash = "sha256:a978dac7bc9ec0bcee55c18a277d553b0f419d259dadb4b9418ff2d00eb43959"},
]

[package.dependencies]
cfgv = ">=2.0.0"
identify = ">=1.0.0"
importlib-metadata = {version = "*", markers = "python_version < \"3.8\""}
nodeenv = ">=0.11.1"
pyyaml = ">=5.1"
toml = "*"
virtualenv = ">=20.0.8"

[[package]]
name = "py"
version = "1.11.0"
description = "library with cross-python path, ini-parsing, io, code, log facilities"
optional = false
python-versions = ">=2.7, !=3.0.*, !=3.1.*, !=3.2.*, !=3.3.*, !=3.4.*"
files = [
    {file = "py-1.11.0-py2.py3-none-any.whl", hash = "sha256:607c53218732647dff4acdfcd50cb62615cedf612e72d1724fb1a0cc6405b378"},
    {file = "py-1.11.0.tar.gz", hash = "sha256:51c75c4126074b472f746a24399ad32f6053d1b34b68d2fa41e558e6f4a98719"},
]

[[package]]
name = "pyparsing"
version = "3.0.9"
description = "pyparsing module - Classes and methods to define and execute parsing grammars"
optional = false
python-versions = ">=3.6.8"
files = [
    {file = "pyparsing-3.0.9-py3-none-any.whl", hash = "sha256:5026bae9a10eeaefb61dab2f09052b9f4307d44aee4eda64b309723d8d206bbc"},
    {file = "pyparsing-3.0.9.tar.gz", hash = "sha256:2b020ecf7d21b687f219b71ecad3631f644a47f01403fa1d1036b0c6416d70fb"},
]

[package.extras]
diagrams = ["jinja2", "railroad-diagrams"]

[[package]]
name = "pytest"
version = "7.1.2"
description = "pytest: simple powerful testing with Python"
optional = false
python-versions = ">=3.7"
files = [
    {file = "pytest-7.1.2-py3-none-any.whl", hash = "sha256:13d0e3ccfc2b6e26be000cb6568c832ba67ba32e719443bfe725814d3c42433c"},
    {file = "pytest-7.1.2.tar.gz", hash = "sha256:a06a0425453864a270bc45e71f783330a7428defb4230fb5e6a731fde06ecd45"},
]

[package.dependencies]
atomicwrites = {version = ">=1.0", markers = "sys_platform == \"win32\""}
attrs = ">=19.2.0"
colorama = {version = "*", markers = "sys_platform == \"win32\""}
importlib-metadata = {version = ">=0.12", markers = "python_version < \"3.8\""}
iniconfig = "*"
packaging = "*"
pluggy = ">=0.12,<2.0"
py = ">=1.8.2"
tomli = ">=1.0.0"

[package.extras]
testing = ["argcomplete", "hypothesis (>=3.56)", "mock", "nose", "pygments (>=2.7.2)", "requests", "xmlschema"]

[[package]]
name = "pytest-cov"
version = "3.0.0"
description = "Pytest plugin for measuring coverage."
optional = false
python-versions = ">=3.6"
files = [
    {file = "pytest-cov-3.0.0.tar.gz", hash = "sha256:e7f0f5b1617d2210a2cabc266dfe2f4c75a8d32fb89eafb7ad9d06f6d076d470"},
    {file = "pytest_cov-3.0.0-py3-none-any.whl", hash = "sha256:578d5d15ac4a25e5f961c938b85a05b09fdaae9deef3bb6de9a6e766622ca7a6"},
]

[package.dependencies]
coverage = {version = ">=5.2.1", extras = ["toml"]}
pytest = ">=4.6"

[package.extras]
testing = ["fields", "hunter", "process-tests", "pytest-xdist", "six", "virtualenv"]

[[package]]
name = "pytest-mock"
version = "3.8.2"
description = "Thin-wrapper around the mock package for easier use with pytest"
optional = false
python-versions = ">=3.7"
files = [
    {file = "pytest-mock-3.8.2.tar.gz", hash = "sha256:77f03f4554392558700295e05aed0b1096a20d4a60a4f3ddcde58b0c31c8fca2"},
    {file = "pytest_mock-3.8.2-py3-none-any.whl", hash = "sha256:8a9e226d6c0ef09fcf20c94eb3405c388af438a90f3e39687f84166da82d5948"},
]

[package.dependencies]
pytest = ">=5.0"

[package.extras]
dev = ["pre-commit", "pytest-asyncio", "tox"]

[[package]]
name = "pyyaml"
version = "6.0"
description = "YAML parser and emitter for Python"
optional = false
python-versions = ">=3.6"
files = [
    {file = "PyYAML-6.0-cp310-cp310-macosx_10_9_x86_64.whl", hash = "sha256:d4db7c7aef085872ef65a8fd7d6d09a14ae91f691dec3e87ee5ee0539d516f53"},
    {file = "PyYAML-6.0-cp310-cp310-macosx_11_0_arm64.whl", hash = "sha256:9df7ed3b3d2e0ecfe09e14741b857df43adb5a3ddadc919a2d94fbdf78fea53c"},
    {file = "PyYAML-6.0-cp310-cp310-manylinux_2_17_aarch64.manylinux2014_aarch64.whl", hash = "sha256:77f396e6ef4c73fdc33a9157446466f1cff553d979bd00ecb64385760c6babdc"},
    {file = "PyYAML-6.0-cp310-cp310-manylinux_2_17_s390x.manylinux2014_s390x.whl", hash = "sha256:a80a78046a72361de73f8f395f1f1e49f956c6be882eed58505a15f3e430962b"},
    {file = "PyYAML-6.0-cp310-cp310-manylinux_2_5_x86_64.manylinux1_x86_64.manylinux_2_12_x86_64.manylinux2010_x86_64.whl", hash = "sha256:f84fbc98b019fef2ee9a1cb3ce93e3187a6df0b2538a651bfb890254ba9f90b5"},
    {file = "PyYAML-6.0-cp310-cp310-win32.whl", hash = "sha256:2cd5df3de48857ed0544b34e2d40e9fac445930039f3cfe4bcc592a1f836d513"},
    {file = "PyYAML-6.0-cp310-cp310-win_amd64.whl", hash = "sha256:daf496c58a8c52083df09b80c860005194014c3698698d1a57cbcfa182142a3a"},
    {file = "PyYAML-6.0-cp311-cp311-macosx_10_9_x86_64.whl", hash = "sha256:d4b0ba9512519522b118090257be113b9468d804b19d63c71dbcf4a48fa32358"},
    {file = "PyYAML-6.0-cp311-cp311-macosx_11_0_arm64.whl", hash = "sha256:81957921f441d50af23654aa6c5e5eaf9b06aba7f0a19c18a538dc7ef291c5a1"},
    {file = "PyYAML-6.0-cp311-cp311-manylinux_2_17_aarch64.manylinux2014_aarch64.whl", hash = "sha256:afa17f5bc4d1b10afd4466fd3a44dc0e245382deca5b3c353d8b757f9e3ecb8d"},
    {file = "PyYAML-6.0-cp311-cp311-manylinux_2_17_s390x.manylinux2014_s390x.whl", hash = "sha256:dbad0e9d368bb989f4515da330b88a057617d16b6a8245084f1b05400f24609f"},
    {file = "PyYAML-6.0-cp311-cp311-manylinux_2_17_x86_64.manylinux2014_x86_64.whl", hash = "sha256:432557aa2c09802be39460360ddffd48156e30721f5e8d917f01d31694216782"},
    {file = "PyYAML-6.0-cp311-cp311-win32.whl", hash = "sha256:bfaef573a63ba8923503d27530362590ff4f576c626d86a9fed95822a8255fd7"},
    {file = "PyYAML-6.0-cp311-cp311-win_amd64.whl", hash = "sha256:01b45c0191e6d66c470b6cf1b9531a771a83c1c4208272ead47a3ae4f2f603bf"},
    {file = "PyYAML-6.0-cp36-cp36m-macosx_10_9_x86_64.whl", hash = "sha256:897b80890765f037df3403d22bab41627ca8811ae55e9a722fd0392850ec4d86"},
    {file = "PyYAML-6.0-cp36-cp36m-manylinux_2_17_aarch64.manylinux2014_aarch64.whl", hash = "sha256:50602afada6d6cbfad699b0c7bb50d5ccffa7e46a3d738092afddc1f9758427f"},
    {file = "PyYAML-6.0-cp36-cp36m-manylinux_2_17_s390x.manylinux2014_s390x.whl", hash = "sha256:48c346915c114f5fdb3ead70312bd042a953a8ce5c7106d5bfb1a5254e47da92"},
    {file = "PyYAML-6.0-cp36-cp36m-manylinux_2_5_x86_64.manylinux1_x86_64.manylinux_2_12_x86_64.manylinux2010_x86_64.whl", hash = "sha256:98c4d36e99714e55cfbaaee6dd5badbc9a1ec339ebfc3b1f52e293aee6bb71a4"},
    {file = "PyYAML-6.0-cp36-cp36m-win32.whl", hash = "sha256:0283c35a6a9fbf047493e3a0ce8d79ef5030852c51e9d911a27badfde0605293"},
    {file = "PyYAML-6.0-cp36-cp36m-win_amd64.whl", hash = "sha256:07751360502caac1c067a8132d150cf3d61339af5691fe9e87803040dbc5db57"},
    {file = "PyYAML-6.0-cp37-cp37m-macosx_10_9_x86_64.whl", hash = "sha256:819b3830a1543db06c4d4b865e70ded25be52a2e0631ccd2f6a47a2822f2fd7c"},
    {file = "PyYAML-6.0-cp37-cp37m-manylinux_2_17_aarch64.manylinux2014_aarch64.whl", hash = "sha256:473f9edb243cb1935ab5a084eb238d842fb8f404ed2193a915d1784b5a6b5fc0"},
    {file = "PyYAML-6.0-cp37-cp37m-manylinux_2_17_s390x.manylinux2014_s390x.whl", hash = "sha256:0ce82d761c532fe4ec3f87fc45688bdd3a4c1dc5e0b4a19814b9009a29baefd4"},
    {file = "PyYAML-6.0-cp37-cp37m-manylinux_2_5_x86_64.manylinux1_x86_64.manylinux_2_12_x86_64.manylinux2010_x86_64.whl", hash = "sha256:231710d57adfd809ef5d34183b8ed1eeae3f76459c18fb4a0b373ad56bedcdd9"},
    {file = "PyYAML-6.0-cp37-cp37m-win32.whl", hash = "sha256:c5687b8d43cf58545ade1fe3e055f70eac7a5a1a0bf42824308d868289a95737"},
    {file = "PyYAML-6.0-cp37-cp37m-win_amd64.whl", hash = "sha256:d15a181d1ecd0d4270dc32edb46f7cb7733c7c508857278d3d378d14d606db2d"},
    {file = "PyYAML-6.0-cp38-cp38-macosx_10_9_x86_64.whl", hash = "sha256:0b4624f379dab24d3725ffde76559cff63d9ec94e1736b556dacdfebe5ab6d4b"},
    {file = "PyYAML-6.0-cp38-cp38-manylinux_2_17_aarch64.manylinux2014_aarch64.whl", hash = "sha256:213c60cd50106436cc818accf5baa1aba61c0189ff610f64f4a3e8c6726218ba"},
    {file = "PyYAML-6.0-cp38-cp38-manylinux_2_17_s390x.manylinux2014_s390x.whl", hash = "sha256:9fa600030013c4de8165339db93d182b9431076eb98eb40ee068700c9c813e34"},
    {file = "PyYAML-6.0-cp38-cp38-manylinux_2_5_x86_64.manylinux1_x86_64.manylinux_2_12_x86_64.manylinux2010_x86_64.whl", hash = "sha256:277a0ef2981ca40581a47093e9e2d13b3f1fbbeffae064c1d21bfceba2030287"},
    {file = "PyYAML-6.0-cp38-cp38-win32.whl", hash = "sha256:d4eccecf9adf6fbcc6861a38015c2a64f38b9d94838ac1810a9023a0609e1b78"},
    {file = "PyYAML-6.0-cp38-cp38-win_amd64.whl", hash = "sha256:1e4747bc279b4f613a09eb64bba2ba602d8a6664c6ce6396a4d0cd413a50ce07"},
    {file = "PyYAML-6.0-cp39-cp39-macosx_10_9_x86_64.whl", hash = "sha256:055d937d65826939cb044fc8c9b08889e8c743fdc6a32b33e2390f66013e449b"},
    {file = "PyYAML-6.0-cp39-cp39-macosx_11_0_arm64.whl", hash = "sha256:e61ceaab6f49fb8bdfaa0f92c4b57bcfbea54c09277b1b4f7ac376bfb7a7c174"},
    {file = "PyYAML-6.0-cp39-cp39-manylinux_2_17_aarch64.manylinux2014_aarch64.whl", hash = "sha256:d67d839ede4ed1b28a4e8909735fc992a923cdb84e618544973d7dfc71540803"},
    {file = "PyYAML-6.0-cp39-cp39-manylinux_2_17_s390x.manylinux2014_s390x.whl", hash = "sha256:cba8c411ef271aa037d7357a2bc8f9ee8b58b9965831d9e51baf703280dc73d3"},
    {file = "PyYAML-6.0-cp39-cp39-manylinux_2_5_x86_64.manylinux1_x86_64.manylinux_2_12_x86_64.manylinux2010_x86_64.whl", hash = "sha256:40527857252b61eacd1d9af500c3337ba8deb8fc298940291486c465c8b46ec0"},
    {file = "PyYAML-6.0-cp39-cp39-win32.whl", hash = "sha256:b5b9eccad747aabaaffbc6064800670f0c297e52c12754eb1d976c57e4f74dcb"},
    {file = "PyYAML-6.0-cp39-cp39-win_amd64.whl", hash = "sha256:b3d267842bf12586ba6c734f89d1f5b871df0273157918b0ccefa29deb05c21c"},
    {file = "PyYAML-6.0.tar.gz", hash = "sha256:68fb519c14306fec9720a2a5b45bc9f0c8d1b9c72adf45c37baedfcd949c35a2"},
]

[[package]]
name = "rapidfuzz"
version = "3.1.2"
description = "rapid fuzzy string matching"
optional = false
python-versions = ">=3.7"
files = [
    {file = "rapidfuzz-3.1.2-cp310-cp310-macosx_10_9_universal2.whl", hash = "sha256:a7c41b1ab1532993d203eda9ab82bb8b7269717a7dc424b05ba39f1e39be5ddc"},
    {file = "rapidfuzz-3.1.2-cp310-cp310-macosx_10_9_x86_64.whl", hash = "sha256:710e107a0977d53b29a68d89fef476fb378dc97cbbe81729f9e7dcc55c86c844"},
    {file = "rapidfuzz-3.1.2-cp310-cp310-macosx_11_0_arm64.whl", hash = "sha256:105496b727923ea98e6a788becfd018e0da3510338f19d2c7b642775dcadcc2a"},
    {file = "rapidfuzz-3.1.2-cp310-cp310-manylinux_2_17_aarch64.manylinux2014_aarch64.whl", hash = "sha256:85a85d2a9e8c7af690fe4056c1e48ce641a77cf48688751ff95c86f2a44fc5ec"},
    {file = "rapidfuzz-3.1.2-cp310-cp310-manylinux_2_17_i686.manylinux2014_i686.whl", hash = "sha256:0d4b09c39125b5f21c62a6e08e6649fed6951ffc76a0a7e56c7b29e234002721"},
    {file = "rapidfuzz-3.1.2-cp310-cp310-manylinux_2_17_ppc64le.manylinux2014_ppc64le.whl", hash = "sha256:e05b0e3d1803071221eeea695a5a247f3b66f55c3d2e9c2a13ed33ccf67a3f30"},
    {file = "rapidfuzz-3.1.2-cp310-cp310-manylinux_2_17_s390x.manylinux2014_s390x.whl", hash = "sha256:47d532d6132d5fa40a3f1d3ea7c8752ca5e2ccf50a1aee5c5da16be7f04d8218"},
    {file = "rapidfuzz-3.1.2-cp310-cp310-manylinux_2_17_x86_64.manylinux2014_x86_64.whl", hash = "sha256:3d93e61486d3d4767e46b108e19586038ce4e8d374c719a1dc0b1077d6007a11"},
    {file = "rapidfuzz-3.1.2-cp310-cp310-musllinux_1_1_aarch64.whl", hash = "sha256:f0e128aa3dcc422c55d55de39dbbcce1401947c4215a5dcd36331151e8ee77ce"},
    {file = "rapidfuzz-3.1.2-cp310-cp310-musllinux_1_1_i686.whl", hash = "sha256:a45faa1a24fd3e078567ee31b953fe6e5819e9286a14f68c72c5689f14242f68"},
    {file = "rapidfuzz-3.1.2-cp310-cp310-musllinux_1_1_ppc64le.whl", hash = "sha256:15e3586077863d61bf948a0541c7d077ddf4b4ebc59aca1568514bc9a10b8172"},
    {file = "rapidfuzz-3.1.2-cp310-cp310-musllinux_1_1_s390x.whl", hash = "sha256:3ca6fac652b195f8eff608b00c0c79889b7cb2984125abfbd14f6fb3f6effe25"},
    {file = "rapidfuzz-3.1.2-cp310-cp310-musllinux_1_1_x86_64.whl", hash = "sha256:39943285af1b3884bfbf4d51376bce180f0456a5b04e766416c1af9a4b62b93a"},
    {file = "rapidfuzz-3.1.2-cp310-cp310-win32.whl", hash = "sha256:ddf043aba44e951a6c8ff1addee57d9c3438f1ab3a7edd87ebc951621d8befda"},
    {file = "rapidfuzz-3.1.2-cp310-cp310-win_amd64.whl", hash = "sha256:555053d9c4ed1ad7d0bf78617ec474ab436a7be94966e98de79cf226d7e9a341"},
    {file = "rapidfuzz-3.1.2-cp310-cp310-win_arm64.whl", hash = "sha256:0a44d6bd5b4b510d5bfa64363d888070fedf55d7044564e9685fc9b6572a9fa5"},
    {file = "rapidfuzz-3.1.2-cp311-cp311-macosx_10_9_universal2.whl", hash = "sha256:45e639069ecdb2aa33a2dc4a2b4c30f0bc35067830dbe5786031121ae9ac9eb6"},
    {file = "rapidfuzz-3.1.2-cp311-cp311-macosx_10_9_x86_64.whl", hash = "sha256:3dbd9bf09ed895a01d1aca3d82b1ce3656d1b121650ee8d640e0e17ba24e9e31"},
    {file = "rapidfuzz-3.1.2-cp311-cp311-macosx_11_0_arm64.whl", hash = "sha256:493e00f8664ade67574cf0e7984f53bc1dbfd018b0a8102e326bee002acdcd3f"},
    {file = "rapidfuzz-3.1.2-cp311-cp311-manylinux_2_17_aarch64.manylinux2014_aarch64.whl", hash = "sha256:bd04785eaed247cc79149e1c0b01a4ca60efde6976e617231f5bb5ec84eb4c80"},
    {file = "rapidfuzz-3.1.2-cp311-cp311-manylinux_2_17_i686.manylinux2014_i686.whl", hash = "sha256:b5d3558e949f3de0081a5f6f8fa74a5a260ca9612e03be9cab8d7289c6bee8ad"},
    {file = "rapidfuzz-3.1.2-cp311-cp311-manylinux_2_17_ppc64le.manylinux2014_ppc64le.whl", hash = "sha256:4aec1e9d5416030f77de7e909af2645cc935e999da7e15d59d7e23b37a7a10ed"},
    {file = "rapidfuzz-3.1.2-cp311-cp311-manylinux_2_17_s390x.manylinux2014_s390x.whl", hash = "sha256:f1b9e00ae857fdd6d52bd6d7e1b5598c54bcd0194f4626abfd2eb4e93a8dfebd"},
    {file = "rapidfuzz-3.1.2-cp311-cp311-manylinux_2_17_x86_64.manylinux2014_x86_64.whl", hash = "sha256:b93f443705985f5d8c3594015caa2e89749875c9596c834dbc9f86d3c8331a5a"},
    {file = "rapidfuzz-3.1.2-cp311-cp311-musllinux_1_1_aarch64.whl", hash = "sha256:5f1f6f18f23f2744a58b0d02f07d31f5fc104ba2e6c81fbb51ecd50e96a3374c"},
    {file = "rapidfuzz-3.1.2-cp311-cp311-musllinux_1_1_i686.whl", hash = "sha256:2bd27356081b0b5ea3164dc45945e56a9ff3aac89f6df83835852ed377e274a0"},
    {file = "rapidfuzz-3.1.2-cp311-cp311-musllinux_1_1_ppc64le.whl", hash = "sha256:45131c2bf9b6c739ffde137e6c56af65786a17a53b0c6e6ca3bba762bb063a9a"},
    {file = "rapidfuzz-3.1.2-cp311-cp311-musllinux_1_1_s390x.whl", hash = "sha256:6e29be51831c5a839268cddfa895a4833dfe6541611759bdc485eb8ebdf0b310"},
    {file = "rapidfuzz-3.1.2-cp311-cp311-musllinux_1_1_x86_64.whl", hash = "sha256:6031a0985b0ecc72f3f9704efb4a2e7db77c315f732a953a13fb0900204c3047"},
    {file = "rapidfuzz-3.1.2-cp311-cp311-win32.whl", hash = "sha256:fa910442085e9e141259110e4a228f6a2860fa7bd85872707188f9ddd2479153"},
    {file = "rapidfuzz-3.1.2-cp311-cp311-win_amd64.whl", hash = "sha256:173378a1e9503e0239e422515c8dc4dcf70048070cb1d8301adc2722de1625ec"},
    {file = "rapidfuzz-3.1.2-cp311-cp311-win_arm64.whl", hash = "sha256:c0ee0733a17e9cc920838b46c43bab43c0e2cee78f091d8c788b162088ffc552"},
    {file = "rapidfuzz-3.1.2-cp37-cp37m-macosx_10_9_x86_64.whl", hash = "sha256:afa9a09ff78e40b2372ce2d4acee44165d2f7db7e253d670db93fe8a5d4b00b9"},
    {file = "rapidfuzz-3.1.2-cp37-cp37m-manylinux_2_17_aarch64.manylinux2014_aarch64.whl", hash = "sha256:0df7736854b85ee1bfa775e0cde33a1af16ef0f9127e11f1232bf125af6b038b"},
    {file = "rapidfuzz-3.1.2-cp37-cp37m-manylinux_2_17_i686.manylinux2014_i686.whl", hash = "sha256:be05b3fc71b5a92085b4017551b6e3e1c13199c762f82dea0c3fbbae86d24f66"},
    {file = "rapidfuzz-3.1.2-cp37-cp37m-manylinux_2_17_ppc64le.manylinux2014_ppc64le.whl", hash = "sha256:ba1a336b41b71326b2ba735ce9d0b6b22c5160b23fddd9024e0717ead3e0bb90"},
    {file = "rapidfuzz-3.1.2-cp37-cp37m-manylinux_2_17_s390x.manylinux2014_s390x.whl", hash = "sha256:702a238fdc50d5d545f381d817f9141baff51d3014768286a07433a0790d33ce"},
    {file = "rapidfuzz-3.1.2-cp37-cp37m-manylinux_2_17_x86_64.manylinux2014_x86_64.whl", hash = "sha256:bfbf2e8923874379d035d08f38ef25595ab13a074605fc78b04c79ae3d6b6bdf"},
    {file = "rapidfuzz-3.1.2-cp37-cp37m-musllinux_1_1_aarch64.whl", hash = "sha256:2e03f99ffca1774ef1fe0bec473cb95a67af254ba03a2f3ff241581edb8b7954"},
    {file = "rapidfuzz-3.1.2-cp37-cp37m-musllinux_1_1_i686.whl", hash = "sha256:54a76e7b9093c99831bd5cc6513caf1689ec7d6e5123ec547444776fdf309592"},
    {file = "rapidfuzz-3.1.2-cp37-cp37m-musllinux_1_1_ppc64le.whl", hash = "sha256:d45a0c8043e3e543032475d334c4058070865bc75b162dd11959aeebe75dd27f"},
    {file = "rapidfuzz-3.1.2-cp37-cp37m-musllinux_1_1_s390x.whl", hash = "sha256:7a88342b03c6c41b0ee8f5504d3a30bf47070f87b8bcfc63290e908ff0a212f5"},
    {file = "rapidfuzz-3.1.2-cp37-cp37m-musllinux_1_1_x86_64.whl", hash = "sha256:a9c0bdb945a8fc6cb8d661da3d3969dd0a26202d7c17adb896c393c12cce9d10"},
    {file = "rapidfuzz-3.1.2-cp37-cp37m-win32.whl", hash = "sha256:4f97190786e089e7a413d20b6c3964981fb1e21d7580c094dde08dbb17fd1171"},
    {file = "rapidfuzz-3.1.2-cp37-cp37m-win_amd64.whl", hash = "sha256:c00b7ece60047c3e022e6769f98a343a300976764711ac354c71229f1185787e"},
    {file = "rapidfuzz-3.1.2-cp38-cp38-macosx_10_9_universal2.whl", hash = "sha256:5289d882afb7e1ec7c6d33493f7964cc75fbaf298dcc1e3fbb1f0039560ddc7d"},
    {file = "rapidfuzz-3.1.2-cp38-cp38-macosx_10_9_x86_64.whl", hash = "sha256:785e330257b5d6ad1b59334d5af2253fccee6f921feb85e8e18662479f29be4f"},
    {file = "rapidfuzz-3.1.2-cp38-cp38-macosx_11_0_arm64.whl", hash = "sha256:a996bf1859fb103ef34c24fe13d420714bbd4a43c50fa2cf44bb7d60b6060de3"},
    {file = "rapidfuzz-3.1.2-cp38-cp38-manylinux_2_17_aarch64.manylinux2014_aarch64.whl", hash = "sha256:fa05dd24202001c2d9811cae12ed9942de240faff3cb37fc25ba2722026b7acb"},
    {file = "rapidfuzz-3.1.2-cp38-cp38-manylinux_2_17_i686.manylinux2014_i686.whl", hash = "sha256:60332a597794c3b184d240c8306d6b2fc4e6fd4606c1186bb08af41986b827cd"},
    {file = "rapidfuzz-3.1.2-cp38-cp38-manylinux_2_17_ppc64le.manylinux2014_ppc64le.whl", hash = "sha256:ef867fa13f7f064200a41299a442d92180b178edd0fe81a1f5222739b2572249"},
    {file = "rapidfuzz-3.1.2-cp38-cp38-manylinux_2_17_s390x.manylinux2014_s390x.whl", hash = "sha256:5156692990dd9ddbd4734ff50c6b511c054aa660177fca64d214de57d54257a4"},
    {file = "rapidfuzz-3.1.2-cp38-cp38-manylinux_2_17_x86_64.manylinux2014_x86_64.whl", hash = "sha256:a9dd80426417b07e3b86be44b7f7076086cd8290e1bbf1aa391f79e2807b1b8c"},
    {file = "rapidfuzz-3.1.2-cp38-cp38-musllinux_1_1_aarch64.whl", hash = "sha256:d30297b1ca6666db9171f500ac731e41d57fb5105d629b9115000d3e47cc5823"},
    {file = "rapidfuzz-3.1.2-cp38-cp38-musllinux_1_1_i686.whl", hash = "sha256:66fbe9d6764c92a26e3c1c391476ce29e99c5bf1b823051a2bbae4e1d23671be"},
    {file = "rapidfuzz-3.1.2-cp38-cp38-musllinux_1_1_ppc64le.whl", hash = "sha256:7553b67e575fe506fcc760f5ca3582185cb5599845ce27d63cd653a37fede925"},
    {file = "rapidfuzz-3.1.2-cp38-cp38-musllinux_1_1_s390x.whl", hash = "sha256:0bef51399bb733fe7a464183c35ceba092b6e06aeee6fbf52d8759e7f2bed263"},
    {file = "rapidfuzz-3.1.2-cp38-cp38-musllinux_1_1_x86_64.whl", hash = "sha256:b9abdadae018d7d7fa15e850d5c47ec5e45cf3796258d503986ce17ba4d8a71d"},
    {file = "rapidfuzz-3.1.2-cp38-cp38-win32.whl", hash = "sha256:3ad583c2f6595f8c261bfdac1485449e900c580b4dff25ecec2abc13dde29447"},
    {file = "rapidfuzz-3.1.2-cp38-cp38-win_amd64.whl", hash = "sha256:017a8b5c96665426977df7e55c2e80b4177a918c802fceb6aaa31d89c7dad961"},
    {file = "rapidfuzz-3.1.2-cp39-cp39-macosx_10_9_universal2.whl", hash = "sha256:eabb81ff00550d77e6a91b127f08a2e3feebc238596c37dad29dca4df4c212da"},
    {file = "rapidfuzz-3.1.2-cp39-cp39-macosx_10_9_x86_64.whl", hash = "sha256:1a392b4ca7bccd5e98e767305bb282d3effa466f52b8c803d7def812dd61775e"},
    {file = "rapidfuzz-3.1.2-cp39-cp39-macosx_11_0_arm64.whl", hash = "sha256:3c764f61cbb999ee92ea4e46e81a1e09d75ad00433cd19e9622808134d619a1d"},
    {file = "rapidfuzz-3.1.2-cp39-cp39-manylinux_2_17_aarch64.manylinux2014_aarch64.whl", hash = "sha256:37aa3caedc3553d38076a9f90abf8e6affa35b6b3db2e06c414636a95dd646f2"},
    {file = "rapidfuzz-3.1.2-cp39-cp39-manylinux_2_17_i686.manylinux2014_i686.whl", hash = "sha256:93c004f0656d683ea69f8b6e41cd14313b94e9d108529c9dca4a9e864d5dac48"},
    {file = "rapidfuzz-3.1.2-cp39-cp39-manylinux_2_17_ppc64le.manylinux2014_ppc64le.whl", hash = "sha256:621ece875ea3150bee10605ec2be957055bddd23abafb981047fe7840027f1b0"},
    {file = "rapidfuzz-3.1.2-cp39-cp39-manylinux_2_17_s390x.manylinux2014_s390x.whl", hash = "sha256:bbe026e4c8ce47d7f5b802b31e6a0cd35e402b80ff29fa9373ec5ece54629aff"},
    {file = "rapidfuzz-3.1.2-cp39-cp39-manylinux_2_17_x86_64.manylinux2014_x86_64.whl", hash = "sha256:178b32d806c62e4dfe1b19427af27547b565ded64f844d6d19203cede4f4f7ce"},
    {file = "rapidfuzz-3.1.2-cp39-cp39-musllinux_1_1_aarch64.whl", hash = "sha256:e7fc11a86be3df506149d1bf59e9b3edc818fbcada0a4786697b54707e6fc374"},
    {file = "rapidfuzz-3.1.2-cp39-cp39-musllinux_1_1_i686.whl", hash = "sha256:c0c15395d1763d89aea084d24564d0b6808988f05a0303d58dc633c27939fcb4"},
    {file = "rapidfuzz-3.1.2-cp39-cp39-musllinux_1_1_ppc64le.whl", hash = "sha256:77a3724f13fbc3ef867012f353d064459f618918f74a3276bffdb523e39350c9"},
    {file = "rapidfuzz-3.1.2-cp39-cp39-musllinux_1_1_s390x.whl", hash = "sha256:09bb9c0a7006ad6782a3ff1a50843b80551a771ad6736d66943acd3dcb68030b"},
    {file = "rapidfuzz-3.1.2-cp39-cp39-musllinux_1_1_x86_64.whl", hash = "sha256:7361a2879b827516203f61d12af8bbb7bea504d7b4d5c02a745bd6bb3fbd4326"},
    {file = "rapidfuzz-3.1.2-cp39-cp39-win32.whl", hash = "sha256:37238a2e8066e1573d2035906c77e58d4bbc5c50812bb667acb7975960260fed"},
    {file = "rapidfuzz-3.1.2-cp39-cp39-win_amd64.whl", hash = "sha256:e88af8e86fb011adc0221419a5615ed507a54cd74956b07345b8881d81a329e5"},
    {file = "rapidfuzz-3.1.2-cp39-cp39-win_arm64.whl", hash = "sha256:f28e33a5940cbaec2095aab516423728aa11d93d01ab6574c304894abe71e007"},
    {file = "rapidfuzz-3.1.2-pp37-pypy37_pp73-macosx_10_9_x86_64.whl", hash = "sha256:f3c69967ba33327e8e22a3a0ff3c22b3879ad0f885a097ff2a5c1fe7dbd8505f"},
    {file = "rapidfuzz-3.1.2-pp37-pypy37_pp73-manylinux_2_17_aarch64.manylinux2014_aarch64.whl", hash = "sha256:3bfeb47bc0be4b032462ba066b4198e79ef96a57a6bf5f6b64f1c63e5362000d"},
    {file = "rapidfuzz-3.1.2-pp37-pypy37_pp73-manylinux_2_17_i686.manylinux2014_i686.whl", hash = "sha256:24b84c09ad66c24fbaec0d1f72e74d0cb7ee86e8bf6429281c69377dba76ac67"},
    {file = "rapidfuzz-3.1.2-pp37-pypy37_pp73-manylinux_2_17_x86_64.manylinux2014_x86_64.whl", hash = "sha256:70bfe4be52b300973f16206ace8216b9a5607c89039f5ced1eb048a60e098624"},
    {file = "rapidfuzz-3.1.2-pp37-pypy37_pp73-win_amd64.whl", hash = "sha256:45c5e5d813569c4b613965bbfc7e5413615731aea9f932ea6f1854203ea52f9a"},
    {file = "rapidfuzz-3.1.2-pp38-pypy38_pp73-macosx_10_9_x86_64.whl", hash = "sha256:8be1910ff15bc5f22ac5fadcd3f0877a6eb9eba40f2d17303e8cd898d36f49f5"},
    {file = "rapidfuzz-3.1.2-pp38-pypy38_pp73-manylinux_2_17_aarch64.manylinux2014_aarch64.whl", hash = "sha256:94af8500ec952154144f54918d150f04bd2e520c94a27bdd186f57323b0b7b5b"},
    {file = "rapidfuzz-3.1.2-pp38-pypy38_pp73-manylinux_2_17_i686.manylinux2014_i686.whl", hash = "sha256:090bd5976d2af005c143fac5364af7eb6b71831a708031983dd78867070517d0"},
    {file = "rapidfuzz-3.1.2-pp38-pypy38_pp73-manylinux_2_17_x86_64.manylinux2014_x86_64.whl", hash = "sha256:6ceaaa418e594438240bd287f093bca33c7ee3b6c40e8ce6a74ebdcc9f280f9d"},
    {file = "rapidfuzz-3.1.2-pp38-pypy38_pp73-win_amd64.whl", hash = "sha256:2510fc00b47a8355485b0014b49b58437594b48a0f08d557de7ea9819ef31967"},
    {file = "rapidfuzz-3.1.2-pp39-pypy39_pp73-macosx_10_9_x86_64.whl", hash = "sha256:5a2e2203c4b7ecfe78a443810fcf2fcc1e1d96d59d3e704734e21b6f710df3f1"},
    {file = "rapidfuzz-3.1.2-pp39-pypy39_pp73-manylinux_2_17_aarch64.manylinux2014_aarch64.whl", hash = "sha256:fa439e73f8aa4f66e89fbc2bce6b2ae882d75ea4e4d75e5e584376db4f5fd73a"},
    {file = "rapidfuzz-3.1.2-pp39-pypy39_pp73-manylinux_2_17_i686.manylinux2014_i686.whl", hash = "sha256:b6e847d7558255483b399b6931e425143f68b8e0c176d30034c36a87dda4b9a9"},
    {file = "rapidfuzz-3.1.2-pp39-pypy39_pp73-manylinux_2_17_x86_64.manylinux2014_x86_64.whl", hash = "sha256:35219597d11f2d863b1bb774e98b6a0e1881d96033cf90b580b1d82192b5c809"},
    {file = "rapidfuzz-3.1.2-pp39-pypy39_pp73-win_amd64.whl", hash = "sha256:178bb9e57d940f22a828ec916639268c3fd6ee1d45e1cefd7a7022645d816ce0"},
    {file = "rapidfuzz-3.1.2.tar.gz", hash = "sha256:1b1b2eab728efc239c8aab97b4821f8e10dcd5a1b066365d0e38023e3b2289e8"},
]

[package.extras]
full = ["numpy"]

[[package]]
name = "setuptools"
version = "65.3.0"
description = "Easily download, build, install, upgrade, and uninstall Python packages"
optional = false
python-versions = ">=3.7"
files = [
    {file = "setuptools-65.3.0-py3-none-any.whl", hash = "sha256:2e24e0bec025f035a2e72cdd1961119f557d78ad331bb00ff82efb2ab8da8e82"},
    {file = "setuptools-65.3.0.tar.gz", hash = "sha256:7732871f4f7fa58fb6bdcaeadb0161b2bd046c85905dbaa066bdcbcc81953b57"},
]

[package.extras]
docs = ["furo", "jaraco.packaging (>=9)", "jaraco.tidelift (>=1.4)", "pygments-github-lexers (==0.0.5)", "rst.linker (>=1.9)", "sphinx", "sphinx-favicon", "sphinx-hoverxref (<2)", "sphinx-inline-tabs", "sphinx-notfound-page (==0.8.3)", "sphinx-reredirects", "sphinxcontrib-towncrier"]
testing = ["build[virtualenv]", "filelock (>=3.4.0)", "flake8 (<5)", "flake8-2020", "ini2toml[lite] (>=0.9)", "jaraco.envs (>=2.2)", "jaraco.path (>=3.2.0)", "mock", "pip (>=19.1)", "pip-run (>=8.8)", "pytest (>=6)", "pytest-black (>=0.3.7)", "pytest-checkdocs (>=2.4)", "pytest-cov", "pytest-enabler (>=1.3)", "pytest-flake8", "pytest-mypy (>=0.9.1)", "pytest-perf", "pytest-xdist", "tomli-w (>=1.0.0)", "virtualenv (>=13.0.0)", "wheel"]
testing-integration = ["build[virtualenv]", "filelock (>=3.4.0)", "jaraco.envs (>=2.2)", "jaraco.path (>=3.2.0)", "pytest", "pytest-enabler", "pytest-xdist", "tomli", "virtualenv (>=13.0.0)", "wheel"]

[[package]]
name = "six"
version = "1.16.0"
description = "Python 2 and 3 compatibility utilities"
optional = false
python-versions = ">=2.7, !=3.0.*, !=3.1.*, !=3.2.*"
files = [
    {file = "six-1.16.0-py2.py3-none-any.whl", hash = "sha256:8abb2f1d86890a2dfb989f9a77cfcfd3e47c2a354b01111771326f8aa26e0254"},
    {file = "six-1.16.0.tar.gz", hash = "sha256:1e61c37477a1626458e36f7b1d82aa5c9b094fa4802892072e49de9c60c4c926"},
]

[[package]]
name = "toml"
version = "0.10.2"
description = "Python Library for Tom's Obvious, Minimal Language"
optional = false
python-versions = ">=2.6, !=3.0.*, !=3.1.*, !=3.2.*"
files = [
    {file = "toml-0.10.2-py2.py3-none-any.whl", hash = "sha256:806143ae5bfb6a3c6e736a764057db0e6a0e05e338b5630894a5f779cabb4f9b"},
    {file = "toml-0.10.2.tar.gz", hash = "sha256:b3bda1d108d5dd99f4a20d24d9c348e91c4db7ab1b749200bded2f839ccbe68f"},
]

[[package]]
name = "tomli"
version = "2.0.1"
description = "A lil' TOML parser"
optional = false
python-versions = ">=3.7"
files = [
    {file = "tomli-2.0.1-py3-none-any.whl", hash = "sha256:939de3e7a6161af0c887ef91b7d41a53e7c5a1ca976325f429cb46ea9bc30ecc"},
    {file = "tomli-2.0.1.tar.gz", hash = "sha256:de526c12914f0c550d15924c62d72abc48d6fe7364aa87328337a31007fe8a4f"},
]

[[package]]
name = "tox"
version = "3.25.1"
description = "tox is a generic virtualenv management and test command line tool"
optional = false
python-versions = "!=3.0.*,!=3.1.*,!=3.2.*,!=3.3.*,!=3.4.*,>=2.7"
files = [
    {file = "tox-3.25.1-py2.py3-none-any.whl", hash = "sha256:c38e15f4733683a9cc0129fba078633e07eb0961f550a010ada879e95fb32632"},
    {file = "tox-3.25.1.tar.gz", hash = "sha256:c138327815f53bc6da4fe56baec5f25f00622ae69ef3fe4e1e385720e22486f9"},
]

[package.dependencies]
colorama = {version = ">=0.4.1", markers = "platform_system == \"Windows\""}
filelock = ">=3.0.0"
importlib-metadata = {version = ">=0.12", markers = "python_version < \"3.8\""}
packaging = ">=14"
pluggy = ">=0.12.0"
py = ">=1.4.17"
six = ">=1.14.0"
toml = ">=0.9.4"
virtualenv = ">=16.0.0,<20.0.0 || >20.0.0,<20.0.1 || >20.0.1,<20.0.2 || >20.0.2,<20.0.3 || >20.0.3,<20.0.4 || >20.0.4,<20.0.5 || >20.0.5,<20.0.6 || >20.0.6,<20.0.7 || >20.0.7"

[package.extras]
docs = ["pygments-github-lexers (>=0.0.5)", "sphinx (>=2.0.0)", "sphinxcontrib-autoprogram (>=0.1.5)", "towncrier (>=18.5.0)"]
testing = ["flaky (>=3.4.0)", "freezegun (>=0.3.11)", "pathlib2 (>=2.3.3)", "psutil (>=5.6.1)", "pytest (>=4.0.0)", "pytest-cov (>=2.5.1)", "pytest-mock (>=1.10.0)", "pytest-randomly (>=1.0.0)"]

[[package]]
name = "typing-extensions"
version = "4.3.0"
description = "Backported and Experimental Type Hints for Python 3.7+"
optional = false
python-versions = ">=3.7"
files = [
    {file = "typing_extensions-4.3.0-py3-none-any.whl", hash = "sha256:25642c956049920a5aa49edcdd6ab1e06d7e5d467fc00e0506c44ac86fbfca02"},
    {file = "typing_extensions-4.3.0.tar.gz", hash = "sha256:e6d2677a32f47fc7eb2795db1dd15c1f34eff616bcaf2cfb5e997f854fa1c4a6"},
]

[[package]]
name = "virtualenv"
version = "20.16.3"
description = "Virtual Python Environment builder"
optional = false
python-versions = ">=3.6"
files = [
    {file = "virtualenv-20.16.3-py2.py3-none-any.whl", hash = "sha256:4193b7bc8a6cd23e4eb251ac64f29b4398ab2c233531e66e40b19a6b7b0d30c1"},
    {file = "virtualenv-20.16.3.tar.gz", hash = "sha256:d86ea0bb50e06252d79e6c241507cb904fcd66090c3271381372d6221a3970f9"},
]

[package.dependencies]
distlib = ">=0.3.5,<1"
filelock = ">=3.4.1,<4"
importlib-metadata = {version = ">=4.8.3", markers = "python_version < \"3.8\""}
platformdirs = ">=2.4,<3"

[package.extras]
docs = ["proselint (>=0.13)", "sphinx (>=5.1.1)", "sphinx-argparse (>=0.3.1)", "sphinx-rtd-theme (>=1)", "towncrier (>=21.9)"]
testing = ["coverage (>=6.2)", "coverage-enable-subprocess (>=1)", "flaky (>=3.7)", "packaging (>=21.3)", "pytest (>=7.0.1)", "pytest-env (>=0.6.2)", "pytest-freezegun (>=0.4.2)", "pytest-mock (>=3.6.1)", "pytest-randomly (>=3.10.3)", "pytest-timeout (>=2.1)"]

[[package]]
name = "zipp"
version = "3.8.1"
description = "Backport of pathlib-compatible object wrapper for zip files"
optional = false
python-versions = ">=3.7"
files = [
    {file = "zipp-3.8.1-py3-none-any.whl", hash = "sha256:47c40d7fe183a6f21403a199b3e4192cca5774656965b0a4988ad2f8feb5f009"},
    {file = "zipp-3.8.1.tar.gz", hash = "sha256:05b45f1ee8f807d0cc928485ca40a07cb491cf092ff587c0df9cb1fd154848d2"},
]

[package.extras]
docs = ["jaraco.packaging (>=9)", "jaraco.tidelift (>=1.4)", "rst.linker (>=1.9)", "sphinx"]
testing = ["func-timeout", "jaraco.itertools", "pytest (>=6)", "pytest-black (>=0.3.7)", "pytest-checkdocs (>=2.4)", "pytest-cov", "pytest-enabler (>=1.3)", "pytest-flake8", "pytest-mypy (>=0.9.1)"]

[metadata]
lock-version = "2.0"
python-versions = "^3.7"
content-hash = "0809a40efa555dbbbd61b1a22f8539cb6c65a9cce945c82ac870933b6c09564e"
